
Microsoft Visual Studio Solution File, Format Version 12.00
# Visual Studio 2013
VisualStudioVersion = 12.0.30501.0
MinimumVisualStudioVersion = 10.0.40219.1
Project("{FAE04EC0-301F-11D3-BF4B-00C04F79EFBC}") = "TFSBuildQueue", "TFSBuildQueue\TFSBuildQueue.csproj", "{4550F0C5-4504-47C1-9595-38D844A32719}"
EndProject
Project("{FAE04EC0-301F-11D3-BF4B-00C04F79EFBC}") = "TFSBuildQueue.WPF", "TFSBuildQueue.WPF\TFSBuildQueue.WPF.csproj", "{9ED4CAB1-A819-4134-A5FC-4EC14CAA1604}"
EndProject
Project("{FAE04EC0-301F-11D3-BF4B-00C04F79EFBC}") = "TFSBuildQueue.Domain", "TFSBuildQueue.Domain\TFSBuildQueue.Domain.csproj", "{33D8E324-C7B7-432C-96A5-75713B532BF4}"
EndProject
Global
	GlobalSection(SolutionConfigurationPlatforms) = preSolution
		Debug|Any CPU = Debug|Any CPU
		Release|Any CPU = Release|Any CPU
	EndGlobalSection
	GlobalSection(ProjectConfigurationPlatforms) = postSolution
		{4550F0C5-4504-47C1-9595-38D844A32719}.Debug|Any CPU.ActiveCfg = Debug|Any CPU
		{4550F0C5-4504-47C1-9595-38D844A32719}.Debug|Any CPU.Build.0 = Debug|Any CPU
		{4550F0C5-4504-47C1-9595-38D844A32719}.Release|Any CPU.ActiveCfg = Release|Any CPU
		{4550F0C5-4504-47C1-9595-38D844A32719}.Release|Any CPU.Build.0 = Release|Any CPU
		{9ED4CAB1-A819-4134-A5FC-4EC14CAA1604}.Debug|Any CPU.ActiveCfg = Debug|Any CPU
		{9ED4CAB1-A819-4134-A5FC-4EC14CAA1604}.Debug|Any CPU.Build.0 = Debug|Any CPU
		{9ED4CAB1-A819-4134-A5FC-4EC14CAA1604}.Release|Any CPU.ActiveCfg = Release|Any CPU
		{9ED4CAB1-A819-4134-A5FC-4EC14CAA1604}.Release|Any CPU.Build.0 = Release|Any CPU
		{33D8E324-C7B7-432C-96A5-75713B532BF4}.Debug|Any CPU.ActiveCfg = Debug|Any CPU
		{33D8E324-C7B7-432C-96A5-75713B532BF4}.Debug|Any CPU.Build.0 = Debug|Any CPU
		{33D8E324-C7B7-432C-96A5-75713B532BF4}.Release|Any CPU.ActiveCfg = Release|Any CPU
		{33D8E324-C7B7-432C-96A5-75713B532BF4}.Release|Any CPU.Build.0 = Release|Any CPU
	EndGlobalSection
	GlobalSection(SolutionProperties) = preSolution
		HideSolutionNode = FALSE
	EndGlobalSection
EndGlobal
